{
  "originHash" : "80f0e1469f827b14e0734242e6c4bf5e8bead4c7ea394f80af581e751163655e",
  "pins" : [
    {
      "identity" : "supabase-swift",
      "kind" : "remoteSourceControl",
      "location" : "https://github.com/supabase/supabase-swift",
      "state" : {
        "revision" : "21d3aaf21ee98f41611f9f75070489fc8b23d882",
        "version" : "2.55.1"
      }
    },
    {
      "identity" : "superscript-ios-next",
      "kind" : "remoteSourceControl",
      "location" : "https://github.com/superwall/superscript-ios-next",
      "state" : {
        "revision" : "c3d1ee8d23ae6bf27e2d261c41a61001281166ec",
        "version" : "1.0.15"
      }
    },
    {
      "identity" : "superwall-ios",
      "kind" : "remoteSourceControl",
      "location" : "https://github.com/superwall/Superwall-iOS",
      "state" : {
        "revision" : "a9990308209c27de2f3c74e666774f121149678e",
        "version" : "4.16.3"
      }
    },
    {
      "identity" : "swift-asn1",
      "kind" : "remoteSourceControl",
      "location" : "https://github.com/apple/swift-asn1.git",
      "state" : {
        "revision" : "d9a5b37470adc940d22c3bcd5ca6953a516b727f",
        "version" : "1.7.2"
      }
    },
    {
      "identity" : "swift-clocks",
      "kind" : "remoteSourceControl",
      "location" : "https://github.com/pointfreeco/swift-clocks",
      "state" : {
        "revision" : "82440fa0a8b1c381a6d1e8e0fc7bbba53ec63204",
        "version" : "1.1.1"
      }
    },
    {
      "identity" : "swift-concurrency-extras",
      "kind" : "remoteSourceControl",
      "location" : "https://github.com/pointfreeco/swift-concurrency-extras",
      "state" : {
        "revision" : "5fa253428866f2360c3754e88537f700ed2656b5",
        "version" : "1.4.1"
      }
    },
    {
      "identity" : "swift-crypto",
      "kind" : "remoteSourceControl",
      "location" : "https://github.com/apple/swift-crypto.git",
      "state" : {
        "revision" : "da9d28d69ebe3894b18376c8f2395c2f37b8448f",
        "version" : "4.5.2"
      }
    },
    {
      "identity" : "swift-http-types",
      "kind" : "remoteSourceControl",
      "location" : "https://github.com/apple/swift-http-types.git",
      "state" : {
        "revision" : "db774a277f60063a32d854f2980299caf06da041",
        "version" : "1.6.0"
      }
    },
    {
      "identity" : "xctest-dynamic-overlay",
      "kind" : "remoteSourceControl",
      "location" : "https://github.com/pointfreeco/xctest-dynamic-overlay",
      "state" : {
        "revision" : "d9308ad679143c26a30dec52daefe82f54af2b82",
        "version" : "1.13.1"
      }
    }
  ],
  "version" : 3
}
